
Microsoft Visual Studio Solution File, Format Version 12.00
# Visual Studio Version 16
VisualStudioVersion = 16.0.30523.141
MinimumVisualStudioVersion = 10.0.40219.1
Project("{FAE04EC0-301F-11D3-BF4B-00C04F79EFBC}") = "FinalLab2", "FinalLab2\FinalLab2.csproj", "{4AB4AB5C-05EB-465A-8F00-0D8B726B3F83}"
EndProject
Global
	GlobalSection(SolutionConfigurationPlatforms) = preSolution
		Debug|Any CPU = Debug|Any CPU
		Release|Any CPU = Release|Any CPU
	EndGlobalSection
	GlobalSection(ProjectConfigurationPlatforms) = postSolution
		{4AB4AB5C-05EB-465A-8F00-0D8B726B3F83}.Debug|Any CPU.ActiveCfg = Debug|Any CPU
		{4AB4AB5C-05EB-465A-8F00-0D8B726B3F83}.Debug|Any CPU.Build.0 = Debug|Any CPU
		{4AB4AB5C-05EB-465A-8F00-0D8B726B3F83}.Release|Any CPU.ActiveCfg = Release|Any CPU
		{4AB4AB5C-05EB-465A-8F00-0D8B726B3F83}.Release|Any CPU.Build.0 = Release|Any CPU
	EndGlobalSection
	GlobalSection(SolutionProperties) = preSolution
		HideSolutionNode = FALSE
	EndGlobalSection
	GlobalSection(ExtensibilityGlobals) = postSolution
		SolutionGuid = {123F388E-B434-408D-8C05-E3D375A5BBEA}
	EndGlobalSection
EndGlobal
